
Microsoft Visual Studio Solution File, Format Version 12.00
# Visual Studio Version 17
VisualStudioVersion = 17.6.33815.320
MinimumVisualStudioVersion = 10.0.40219.1
Project("{9A19103F-16F7-4668-BE54-9A1E7A4F7556}") = "SalesTracker", "SalesTracker\SalesTracker.csproj", "{AEB4E71F-2D47-4A4B-923B-8202E9F925B2}"
EndProject
Project("{9A19103F-16F7-4668-BE54-9A1E7A4F7556}") = "Models", "Models\Models.csproj", "{2932048A-8593-4767-B09B-B6AC45B64F8C}"
EndProject
Project("{9A19103F-16F7-4668-BE54-9A1E7A4F7556}") = "BusinessLogic", "BusinessLogic\BusinessLogic.csproj", "{293E9F12-EE57-4BD0-A7CE-B64136AA61B8}"
EndProject
Project("{FAE04EC0-301F-11D3-BF4B-00C04F79EFBC}") = "SalesTrackerTests", "SalesTrackerTests\SalesTrackerTests.csproj", "{0D2D3975-2BDB-4D63-851C-D1DDE8DADB53}"
EndProject
Global
	GlobalSection(SolutionConfigurationPlatforms) = preSolution
		Debug|Any CPU = Debug|Any CPU
		Release|Any CPU = Release|Any CPU
	EndGlobalSection
	GlobalSection(ProjectConfigurationPlatforms) = postSolution
		{AEB4E71F-2D47-4A4B-923B-8202E9F925B2}.Debug|Any CPU.ActiveCfg = Debug|Any CPU
		{AEB4E71F-2D47-4A4B-923B-8202E9F925B2}.Debug|Any CPU.Build.0 = Debug|Any CPU
		{AEB4E71F-2D47-4A4B-923B-8202E9F925B2}.Release|Any CPU.ActiveCfg = Release|Any CPU
		{AEB4E71F-2D47-4A4B-923B-8202E9F925B2}.Release|Any CPU.Build.0 = Release|Any CPU
		{2932048A-8593-4767-B09B-B6AC45B64F8C}.Debug|Any CPU.ActiveCfg = Debug|Any CPU
		{2932048A-8593-4767-B09B-B6AC45B64F8C}.Debug|Any CPU.Build.0 = Debug|Any CPU
		{2932048A-8593-4767-B09B-B6AC45B64F8C}.Release|Any CPU.ActiveCfg = Release|Any CPU
		{2932048A-8593-4767-B09B-B6AC45B64F8C}.Release|Any CPU.Build.0 = Release|Any CPU
		{293E9F12-EE57-4BD0-A7CE-B64136AA61B8}.Debug|Any CPU.ActiveCfg = Debug|Any CPU
		{293E9F12-EE57-4BD0-A7CE-B64136AA61B8}.Debug|Any CPU.Build.0 = Debug|Any CPU
		{293E9F12-EE57-4BD0-A7CE-B64136AA61B8}.Release|Any CPU.ActiveCfg = Release|Any CPU
		{293E9F12-EE57-4BD0-A7CE-B64136AA61B8}.Release|Any CPU.Build.0 = Release|Any CPU
		{0D2D3975-2BDB-4D63-851C-D1DDE8DADB53}.Debug|Any CPU.ActiveCfg = Debug|Any CPU
		{0D2D3975-2BDB-4D63-851C-D1DDE8DADB53}.Debug|Any CPU.Build.0 = Debug|Any CPU
		{0D2D3975-2BDB-4D63-851C-D1DDE8DADB53}.Release|Any CPU.ActiveCfg = Release|Any CPU
		{0D2D3975-2BDB-4D63-851C-D1DDE8DADB53}.Release|Any CPU.Build.0 = Release|Any CPU
	EndGlobalSection
	GlobalSection(SolutionProperties) = preSolution
		HideSolutionNode = FALSE
	EndGlobalSection
	GlobalSection(ExtensibilityGlobals) = postSolution
		SolutionGuid = {6882D852-B0E0-4A87-8D9A-FD7E98C0C98E}
	EndGlobalSection
EndGlobal
